
Microsoft Visual Studio Solution File, Format Version 12.00
# Visual Studio Version 17
VisualStudioVersion = 17.9.34728.123
MinimumVisualStudioVersion = 10.0.40219.1
Project("{FAE04EC0-301F-11D3-BF4B-00C04F79EFBC}") = "P02_FootballBetting", "P02_FootballBetting.csproj", "{41749FA5-81CC-41EF-B69F-1788A77170F0}"
EndProject
Project("{FAE04EC0-301F-11D3-BF4B-00C04F79EFBC}") = "P02_FootballBetting.Data", "..\P02_FootballBetting.Data\P02_FootballBetting.Data.csproj", "{4BC159C2-8DD4-4B2E-9B1C-702959E473B0}"
EndProject
Project("{FAE04EC0-301F-11D3-BF4B-00C04F79EFBC}") = "P02_FootballBetting.Data.Models", "..\P02_FootballBetting.Data.Models\P02_FootballBetting.Data.Models.csproj", "{D510FF58-E220-40F5-9970-8258FB78CDCB}"
EndProject
Project("{FAE04EC0-301F-11D3-BF4B-00C04F79EFBC}") = "P02_FootballBetting.Data.Common", "..\P02_FootballBetting.Data.Common\P02_FootballBetting.Data.Common.csproj", "{7E1F6A81-13BF-4952-ADAB-6D6010B59965}"
EndProject
Global
	GlobalSection(SolutionConfigurationPlatforms) = preSolution
		Debug|Any CPU = Debug|Any CPU
		Release|Any CPU = Release|Any CPU
	EndGlobalSection
	GlobalSection(ProjectConfigurationPlatforms) = postSolution
		{41749FA5-81CC-41EF-B69F-1788A77170F0}.Debug|Any CPU.ActiveCfg = Debug|Any CPU
		{41749FA5-81CC-41EF-B69F-1788A77170F0}.Debug|Any CPU.Build.0 = Debug|Any CPU
		{41749FA5-81CC-41EF-B69F-1788A77170F0}.Release|Any CPU.ActiveCfg = Release|Any CPU
		{41749FA5-81CC-41EF-B69F-1788A77170F0}.Release|Any CPU.Build.0 = Release|Any CPU
		{4BC159C2-8DD4-4B2E-9B1C-702959E473B0}.Debug|Any CPU.ActiveCfg = Debug|Any CPU
		{4BC159C2-8DD4-4B2E-9B1C-702959E473B0}.Debug|Any CPU.Build.0 = Debug|Any CPU
		{4BC159C2-8DD4-4B2E-9B1C-702959E473B0}.Release|Any CPU.ActiveCfg = Release|Any CPU
		{4BC159C2-8DD4-4B2E-9B1C-702959E473B0}.Release|Any CPU.Build.0 = Release|Any CPU
		{D510FF58-E220-40F5-9970-8258FB78CDCB}.Debug|Any CPU.ActiveCfg = Debug|Any CPU
		{D510FF58-E220-40F5-9970-8258FB78CDCB}.Debug|Any CPU.Build.0 = Debug|Any CPU
		{D510FF58-E220-40F5-9970-8258FB78CDCB}.Release|Any CPU.ActiveCfg = Release|Any CPU
		{D510FF58-E220-40F5-9970-8258FB78CDCB}.Release|Any CPU.Build.0 = Release|Any CPU
		{7E1F6A81-13BF-4952-ADAB-6D6010B59965}.Debug|Any CPU.ActiveCfg = Debug|Any CPU
		{7E1F6A81-13BF-4952-ADAB-6D6010B59965}.Debug|Any CPU.Build.0 = Debug|Any CPU
		{7E1F6A81-13BF-4952-ADAB-6D6010B59965}.Release|Any CPU.ActiveCfg = Release|Any CPU
		{7E1F6A81-13BF-4952-ADAB-6D6010B59965}.Release|Any CPU.Build.0 = Release|Any CPU
	EndGlobalSection
	GlobalSection(SolutionProperties) = preSolution
		HideSolutionNode = FALSE
	EndGlobalSection
	GlobalSection(ExtensibilityGlobals) = postSolution
		SolutionGuid = {46AA32D0-0507-4922-BDE9-D72165E098F0}
	EndGlobalSection
EndGlobal
