
Microsoft Visual Studio Solution File, Format Version 12.00
# Visual Studio Version 17
VisualStudioVersion = 17.9.34902.65
MinimumVisualStudioVersion = 10.0.40219.1
Project("{FAE04EC0-301F-11D3-BF4B-00C04F79EFBC}") = "AcademicRecordsApp", "AcademicRecordsApp\AcademicRecordsApp.csproj", "{E441D3DB-27FD-4893-903D-5CFABF8AE72B}"
EndProject
Project("{FAE04EC0-301F-11D3-BF4B-00C04F79EFBC}") = "StudentsSystem", "StudentsSystem\StudentsSystem.csproj", "{EBBD9A31-A02F-4EFF-A0B0-6838302318EB}"
EndProject
Global
	GlobalSection(SolutionConfigurationPlatforms) = preSolution
		Debug|Any CPU = Debug|Any CPU
		Release|Any CPU = Release|Any CPU
	EndGlobalSection
	GlobalSection(ProjectConfigurationPlatforms) = postSolution
		{E441D3DB-27FD-4893-903D-5CFABF8AE72B}.Debug|Any CPU.ActiveCfg = Debug|Any CPU
		{E441D3DB-27FD-4893-903D-5CFABF8AE72B}.Debug|Any CPU.Build.0 = Debug|Any CPU
		{E441D3DB-27FD-4893-903D-5CFABF8AE72B}.Release|Any CPU.ActiveCfg = Release|Any CPU
		{E441D3DB-27FD-4893-903D-5CFABF8AE72B}.Release|Any CPU.Build.0 = Release|Any CPU
		{EBBD9A31-A02F-4EFF-A0B0-6838302318EB}.Debug|Any CPU.ActiveCfg = Debug|Any CPU
		{EBBD9A31-A02F-4EFF-A0B0-6838302318EB}.Debug|Any CPU.Build.0 = Debug|Any CPU
		{EBBD9A31-A02F-4EFF-A0B0-6838302318EB}.Release|Any CPU.ActiveCfg = Release|Any CPU
		{EBBD9A31-A02F-4EFF-A0B0-6838302318EB}.Release|Any CPU.Build.0 = Release|Any CPU
	EndGlobalSection
	GlobalSection(SolutionProperties) = preSolution
		HideSolutionNode = FALSE
	EndGlobalSection
	GlobalSection(ExtensibilityGlobals) = postSolution
		SolutionGuid = {DD07012D-4B7D-4053-8044-D6E8BE4258F4}
	EndGlobalSection
EndGlobal
